
Microsoft Visual Studio Solution File, Format Version 12.00
# Visual Studio Version 17
VisualStudioVersion = 17.0.32002.185
MinimumVisualStudioVersion = 10.0.40219.1
Project("{FAE04EC0-301F-11D3-BF4B-00C04F79EFBC}") = "MATRIZ_DIAGONAL_NEGATIVOS", "MATRIZ_DIAGONAL_NEGATIVOS\MATRIZ_DIAGONAL_NEGATIVOS.csproj", "{7B117843-12EA-4C9D-B190-BEDD2582F6B9}"
EndProject
Global
	GlobalSection(SolutionConfigurationPlatforms) = preSolution
		Debug|Any CPU = Debug|Any CPU
		Release|Any CPU = Release|Any CPU
	EndGlobalSection
	GlobalSection(ProjectConfigurationPlatforms) = postSolution
		{7B117843-12EA-4C9D-B190-BEDD2582F6B9}.Debug|Any CPU.ActiveCfg = Debug|Any CPU
		{7B117843-12EA-4C9D-B190-BEDD2582F6B9}.Debug|Any CPU.Build.0 = Debug|Any CPU
		{7B117843-12EA-4C9D-B190-BEDD2582F6B9}.Release|Any CPU.ActiveCfg = Release|Any CPU
		{7B117843-12EA-4C9D-B190-BEDD2582F6B9}.Release|Any CPU.Build.0 = Release|Any CPU
	EndGlobalSection
	GlobalSection(SolutionProperties) = preSolution
		HideSolutionNode = FALSE
	EndGlobalSection
	GlobalSection(ExtensibilityGlobals) = postSolution
		SolutionGuid = {851C26DC-D545-4BB3-A0E4-2111F677B48A}
	EndGlobalSection
EndGlobal
